{
  "name": "corners-like-mad",
  "version": "1.0.0",
  "lockfileVersion": 1,
  "requires": true,
  "dependencies": {
    "node-fetch": {
      "version": "2.2.0",
      "resolved": "https://sto-proget-01.bde.local/npm/OBG-NPM/node-fetch/-/node-fetch-2.2.0.tgz",
      "integrity": "sha1-Tueb3pCSYvl3X3MeNlbQ21XO1bU="
    }
  }
}
